{
  "name": "v1.8",
  "lockfileVersion": 3,
  "requires": true,
  "packages": {
    "": {
      "devDependencies": {
        "@yamato-daiwa/monorepo-helper": "../../YamatoDaiwaMonorepoHelper"
      }
    },
    "../../YamatoDaiwaMonorepoHelper": {
      "name": "@yamato-daiwa/monorepo-helper",
      "version": "0.0.2",
      "dev": true,
      "license": "MIT",
      "dependencies": {
        "@npmcli/package-json": "7.0.4",
        "@yamato-daiwa/es-extensions": "1.8.4",
        "@yamato-daiwa/es-extensions-nodejs": "1.8.4",
        "rimraf": "6.1.2",
        "semver": "7.7.3"
      },
      "bin": {
        "ydmh": "Executable.js"
      },
      "devDependencies": {
        "@types/node": "22.7.4",
        "@types/npmcli__package-json": "4.0.4",
        "@types/semver": "7.7.1",
        "@yamato-daiwa/style_guides": "0.11.6",
        "typescript": "5.9.3"
      },
      "engines": {
        "node": ">=22.0"
      }
    },
    "node_modules/@yamato-daiwa/monorepo-helper": {
      "resolved": "../../YamatoDaiwaMonorepoHelper",
      "link": true
    }
  }
}
